// !$*UTF8*$!
{
	archiveVersion = 1;
	classes = {
	};
	objectVersion = 50;
	objects = {

/* Begin PBXBuildFile section */
		57BAEAB324003055001AD424 /* AppDelegate.swift in Sources */ = {isa = PBXBuildFile; fileRef = 57BAEAB224003055001AD424 /* AppDelegate.swift */; };
		57BAEAB524003055001AD424 /* SceneDelegate.swift in Sources */ = {isa = PBXBuildFile; fileRef = 57BAEAB424003055001AD424 /* SceneDelegate.swift */; };
		57BAEAB724003055001AD424 /* MapViewController.swift in Sources */ = {isa = PBXBuildFile; fileRef = 57BAEAB624003055001AD424 /* MapViewController.swift */; };
		57BAEABA24003055001AD424 /* Main.storyboard in Resources */ = {isa = PBXBuildFile; fileRef = 57BAEAB824003055001AD424 /* Main.storyboard */; };
		57BAEABC24003056001AD424 /* Assets.xcassets in Resources */ = {isa = PBXBuildFile; fileRef = 57BAEABB24003056001AD424 /* Assets.xcassets */; };
		57BAEABF24003056001AD424 /* LaunchScreen.storyboard in Resources */ = {isa = PBXBuildFile; fileRef = 57BAEABD24003056001AD424 /* LaunchScreen.storyboard */; };
		57BAEAC724003081001AD424 /* CoreLocationSession.swift in Sources */ = {isa = PBXBuildFile; fileRef = 57BAEAC624003081001AD424 /* CoreLocationSession.swift */; };
/* End PBXBuildFile section */

/* Begin PBXFileReference section */
		57BAEAAF24003055001AD424 /* CoreLocationDemo.app */ = {isa = PBXFileReference; explicitFileType = wrapper.application; includeInIndex = 0; path = CoreLocationDemo.app; sourceTree = BUILT_PRODUCTS_DIR; };
		57BAEAB224003055001AD424 /* AppDelegate.swift */ = {isa = PBXFileReference; lastKnownFileType = sourcecode.swift; path = AppDelegate.swift; sourceTree = "<group>"; };
		57BAEAB424003055001AD424 /* SceneDelegate.swift */ = {isa = PBXFileReference; lastKnownFileType = sourcecode.swift; path = SceneDelegate.swift; sourceTree = "<group>"; };
		57BAEAB624003055001AD424 /* MapViewController.swift */ = {isa = PBXFileReference; lastKnownFileType = sourcecode.swift; path = MapViewController.swift; sourceTree = "<group>"; };
		57BAEAB924003055001AD424 /* Base */ = {isa = PBXFileReference; lastKnownFileType = file.storyboard; name = Base; path = Base.lproj/Main.storyboard; sourceTree = "<group>"; };
		57BAEABB24003056001AD424 /* Assets.xcassets */ = {isa = PBXFileReference; lastKnownFileType = folder.assetcatalog; path = Assets.xcassets; sourceTree = "<group>"; };
		57BAEABE24003056001AD424 /* Base */ = {isa = PBXFileReference; lastKnownFileType = file.storyboard; name = Base; path = Base.lproj/LaunchScreen.storyboard; sourceTree = "<group>"; };
		57BAEAC024003056001AD424 /* Info.plist */ = {isa = PBXFileReference; lastKnownFileType = text.plist.xml; path = Info.plist; sourceTree = "<group>"; };
		57BAEAC624003081001AD424 /* CoreLocationSession.swift */ = {isa = PBXFileReference; lastKnownFileType = sourcecode.swift; path = CoreLocationSession.swift; sourceTree = "<group>"; };
/* End PBXFileReference section */

/* Begin PBXFrameworksBuildPhase section */
		57BAEAAC24003055001AD424 /* Frameworks */ = {
			isa = PBXFrameworksBuildPhase;
			buildActionMask = 2147483647;
			files = (
			);
			runOnlyForDeploymentPostprocessing = 0;
		};
/* End PBXFrameworksBuildPhase section */

/* Begin PBXGroup section */
		57BAEAA624003055001AD424 = {
			isa = PBXGroup;
			children = (
				57BAEAB124003055001AD424 /* CoreLocationDemo */,
				57BAEAB024003055001AD424 /* Products */,
			);
			sourceTree = "<group>";
		};
		57BAEAB024003055001AD424 /* Products */ = {
			isa = PBXGroup;
			children = (
				57BAEAAF24003055001AD424 /* CoreLocationDemo.app */,
			);
			name = Products;
			sourceTree = "<group>";
		};
		57BAEAB124003055001AD424 /* CoreLocationDemo */ = {
			isa = PBXGroup;
			children = (
				57BAEAB224003055001AD424 /* AppDelegate.swift */,
				57BAEAB424003055001AD424 /* SceneDelegate.swift */,
				57BAEAB624003055001AD424 /* MapViewController.swift */,
				57BAEAC624003081001AD424 /* CoreLocationSession.swift */,
				57BAEAB824003055001AD424 /* Main.storyboard */,
				57BAEABB24003056001AD424 /* Assets.xcassets */,
				57BAEABD24003056001AD424 /* LaunchScreen.storyboard */,
				57BAEAC024003056001AD424 /* Info.plist */,
			);
			path = CoreLocationDemo;
			sourceTree = "<group>";
		};
/* End PBXGroup section */

/* Begin PBXNativeTarget section */
		57BAEAAE24003055001AD424 /* CoreLocationDemo */ = {
			isa = PBXNativeTarget;
			buildConfigurationList = 57BAEAC324003056001AD424 /* Build configuration list for PBXNativeTarget "CoreLocationDemo" */;
			buildPhases = (
				57BAEAAB24003055001AD424 /* Sources */,
				57BAEAAC24003055001AD424 /* Frameworks */,
				57BAEAAD24003055001AD424 /* Resources */,
			);
			buildRules = (
			);
			dependencies = (
			);
			name = CoreLocationDemo;
			productName = CoreLocationDemo;
			productReference = 57BAEAAF24003055001AD424 /* CoreLocationDemo.app */;
			productType = "com.apple.product-type.application";
		};
/* End PBXNativeTarget section */

/* Begin PBXProject section */
		57BAEAA724003055001AD424 /* Project object */ = {
			isa = PBXProject;
			attributes = {
				LastSwiftUpdateCheck = 1130;
				LastUpgradeCheck = 1130;
				ORGANIZATIONNAME = "Alex Paul";
				TargetAttributes = {
					57BAEAAE24003055001AD424 = {
						CreatedOnToolsVersion = 11.3;
					};
				};
			};
			buildConfigurationList = 57BAEAAA24003055001AD424 /* Build configuration list for PBXProject "CoreLocationDemo" */;
			compatibilityVersion = "Xcode 9.3";
			developmentRegion = en;
			hasScannedForEncodings = 0;
			knownRegions = (
				en,
				Base,
			);
			mainGroup = 57BAEAA624003055001AD424;
			productRefGroup = 57BAEAB024003055001AD424 /* Products */;
			projectDirPath = "";
			projectRoot = "";
			targets = (
				57BAEAAE24003055001AD424 /* CoreLocationDemo */,
			);
		};
/* End PBXProject section */

/* Begin PBXResourcesBuildPhase section */
		57BAEAAD24003055001AD424 /* Resources */ = {
			isa = PBXResourcesBuildPhase;
			buildActionMask = 2147483647;
			files = (
				57BAEABF24003056001AD424 /* LaunchScreen.storyboard in Resources */,
				57BAEABC24003056001AD424 /* Assets.xcassets in Resources */,
				57BAEABA24003055001AD424 /* Main.storyboard in Resources */,
			);
			runOnlyForDeploymentPostprocessing = 0;
		};
/* End PBXResourcesBuildPhase section */

/* Begin PBXSourcesBuildPhase section */
		57BAEAAB24003055001AD424 /* Sources */ = {
			isa = PBXSourcesBuildPhase;
			buildActionMask = 2147483647;
			files = (
				57BAEAB724003055001AD424 /* MapViewController.swift in Sources */,
				57BAEAB324003055001AD424 /* AppDelegate.swift in Sources */,
				57BAEAC724003081001AD424 /* CoreLocationSession.swift in Sources */,
				57BAEAB524003055001AD424 /* SceneDelegate.swift in Sources */,
			);
			runOnlyForDeploymentPostprocessing = 0;
		};
/* End PBXSourcesBuildPhase section */

/* Begin PBXVariantGroup section */
		57BAEAB824003055001AD424 /* Main.storyboard */ = {
			isa = PBXVariantGroup;
			children = (
				57BAEAB924003055001AD424 /* Base */,
			);
			name = Main.storyboard;
			sourceTree = "<group>";
		};
		57BAEABD24003056001AD424 /* LaunchScreen.storyboard */ = {
			isa = PBXVariantGroup;
			children = (
				57BAEABE24003056001AD424 /* Base */,
			);
			name = LaunchScreen.storyboard;
			sourceTree = "<group>";
		};
/* End PBXVariantGroup section */

/* Begin XCBuildConfiguration section */
		57BAEAC124003056001AD424 /* Debug */ = {
			isa = XCBuildConfiguration;
			buildSettings = {
				ALWAYS_SEARCH_USER_PATHS = NO;
				CLANG_ANALYZER_NONNULL = YES;
				CLANG_ANALYZER_NUMBER_OBJECT_CONVERSION = YES_AGGRESSIVE;
				CLANG_CXX_LANGUAGE_STANDARD = "gnu++14";
				CLANG_CXX_LIBRARY = "libc++";
				CLANG_ENABLE_MODULES = YES;
				CLANG_ENABLE_OBJC_ARC = YES;
				CLANG_ENABLE_OBJC_WEAK = YES;
				CLANG_WARN_BLOCK_CAPTURE_AUTORELEASING = YES;
				CLANG_WARN_BOOL_CONVERSION = YES;
				CLANG_WARN_COMMA = YES;
				CLANG_WARN_CONSTANT_CONVERSION = YES;
				CLANG_WARN_DEPRECATED_OBJC_IMPLEMENTATIONS = YES;
				CLANG_WARN_DIRECT_OBJC_ISA_USAGE = YES_ERROR;
				CLANG_WARN_DOCUMENTATION_COMMENTS = YES;
				CLANG_WARN_EMPTY_BODY = YES;
				CLANG_WARN_ENUM_CONVERSION = YES;
				CLANG_WARN_INFINITE_RECURSION = YES;
				CLANG_WARN_INT_CONVERSION = YES;
				CLANG_WARN_NON_LITERAL_NULL_CONVERSION = YES;
				CLANG_WARN_OBJC_IMPLICIT_RETAIN_SELF = YES;
				CLANG_WARN_OBJC_LITERAL_CONVERSION = YES;
				CLANG_WARN_OBJC_ROOT_CLASS = YES_ERROR;
				CLANG_WARN_RANGE_LOOP_ANALYSIS = YES;
				CLANG_WARN_STRICT_PROTOTYPES = YES;
				CLANG_WARN_SUSPICIOUS_MOVE = YES;
				CLANG_WARN_UNGUARDED_AVAILABILITY = YES_AGGRESSIVE;
				CLANG_WARN_UNREACHABLE_CODE = YES;
				CLANG_WARN__DUPLICATE_METHOD_MATCH = YES;
				COPY_PHASE_STRIP = NO;
				DEBUG_INFORMATION_FORMAT = dwarf;
				ENABLE_STRICT_OBJC_MSGSEND = YES;
				ENABLE_TESTABILITY = YES;
				GCC_C_LANGUAGE_STANDARD = gnu11;
				GCC_DYNAMIC_NO_PIC = NO;
				GCC_NO_COMMON_BLOCKS = YES;
				GCC_OPTIMIZATION_LEVEL = 0;
				GCC_PREPROCESSOR_DEFINITIONS = (
					"DEBUG=1",
					"$(inherited)",
				);
				GCC_WARN_64_TO_32_BIT_CONVERSION = YES;
				GCC_WARN_ABOUT_RETURN_TYPE = YES_ERROR;
				GCC_WARN_UNDECLARED_SELECTOR = YES;
				GCC_WARN_UNINITIALIZED_AUTOS = YES_AGGRESSIVE;
				GCC_WARN_UNUSED_FUNCTION = YES;
				GCC_WARN_UNUSED_VARIABLE = YES;
				IPHONEOS_DEPLOYMENT_TARGET = 13.2;
				MTL_ENABLE_DEBUG_INFO = INCLUDE_SOURCE;
				MTL_FAST_MATH = YES;
				ONLY_ACTIVE_ARCH = YES;
				SDKROOT = iphoneos;
				SWIFT_ACTIVE_COMPILATION_CONDITIONS = DEBUG;
				SWIFT_OPTIMIZATION_LEVEL = "-Onone";
			};
			name = Debug;
		};
		57BAEAC224003056001AD424 /* Release */ = {
			isa = XCBuildConfiguration;
			buildSettings = {
				ALWAYS_SEARCH_USER_PATHS = NO;
				CLANG_ANALYZER_NONNULL = YES;
				CLANG_ANALYZER_NUMBER_OBJECT_CONVERSION = YES_AGGRESSIVE;
				CLANG_CXX_LANGUAGE_STANDARD = "gnu++14";
				CLANG_CXX_LIBRARY = "libc++";
				CLANG_ENABLE_MODULES = YES;
				CLANG_ENABLE_OBJC_ARC = YES;
				CLANG_ENABLE_OBJC_WEAK = YES;
				CLANG_WARN_BLOCK_CAPTURE_AUTORELEASING = YES;
				CLANG_WARN_BOOL_CONVERSION = YES;
				CLANG_WARN_COMMA = YES;
				CLANG_WARN_CONSTANT_CONVERSION = YES;
				CLANG_WARN_DEPRECATED_OBJC_IMPLEMENTATIONS = YES;
				CLANG_WARN_DIRECT_OBJC_ISA_USAGE = YES_ERROR;
				CLANG_WARN_DOCUMENTATION_COMMENTS = YES;
				CLANG_WARN_EMPTY_BODY = YES;
				CLANG_WARN_ENUM_CONVERSION = YES;
				CLANG_WARN_INFINITE_RECURSION = YES;
				CLANG_WARN_INT_CONVERSION = YES;
				CLANG_WARN_NON_LITERAL_NULL_CONVERSION = YES;
				CLANG_WARN_OBJC_IMPLICIT_RETAIN_SELF = YES;
				CLANG_WARN_OBJC_LITERAL_CONVERSION = YES;
				CLANG_WARN_OBJC_ROOT_CLASS = YES_ERROR;
				CLANG_WARN_RANGE_LOOP_ANALYSIS = YES;
				CLANG_WARN_STRICT_PROTOTYPES = YES;
				CLANG_WARN_SUSPICIOUS_MOVE = YES;
				CLANG_WARN_UNGUARDED_AVAILABILITY = YES_AGGRESSIVE;
				CLANG_WARN_UNREACHABLE_CODE = YES;
				CLANG_WARN__DUPLICATE_METHOD_MATCH = YES;
				COPY_PHASE_STRIP = NO;
				DEBUG_INFORMATION_FORMAT = "dwarf-with-dsym";
				ENABLE_NS_ASSERTIONS = NO;
				ENABLE_STRICT_OBJC_MSGSEND = YES;
				GCC_C_LANGUAGE_STANDARD = gnu11;
				GCC_NO_COMMON_BLOCKS = YES;
				GCC_WARN_64_TO_32_BIT_CONVERSION = YES;
				GCC_WARN_ABOUT_RETURN_TYPE = YES_ERROR;
				GCC_WARN_UNDECLARED_SELECTOR = YES;
				GCC_WARN_UNINITIALIZED_AUTOS = YES_AGGRESSIVE;
				GCC_WARN_UNUSED_FUNCTION = YES;
				GCC_WARN_UNUSED_VARIABLE = YES;
				IPHONEOS_DEPLOYMENT_TARGET = 13.2;
				MTL_ENABLE_DEBUG_INFO = NO;
				MTL_FAST_MATH = YES;
				SDKROOT = iphoneos;
				SWIFT_COMPILATION_MODE = wholemodule;
				SWIFT_OPTIMIZATION_LEVEL = "-O";
				VALIDATE_PRODUCT = YES;
			};
			name = Release;
		};
		57BAEAC424003056001AD424 /* Debug */ = {
			isa = XCBuildConfiguration;
			buildSettings = {
				ASSETCATALOG_COMPILER_APPICON_NAME = AppIcon;
				CODE_SIGN_STYLE = Automatic;
				DEVELOPMENT_TEAM = ZEKMNK5YD3;
				INFOPLIST_FILE = CoreLocationDemo/Info.plist;
				LD_RUNPATH_SEARCH_PATHS = (
					"$(inherited)",
					"@executable_path/Frameworks",
				);
				PRODUCT_BUNDLE_IDENTIFIER = com.alexcpaul.CoreLocationDemo;
				PRODUCT_NAME = "$(TARGET_NAME)";
				SWIFT_VERSION = 5.0;
				TARGETED_DEVICE_FAMILY = "1,2";
			};
			name = Debug;
		};
		57BAEAC524003056001AD424 /* Release */ = {
			isa = XCBuildConfiguration;
			buildSettings = {
				ASSETCATALOG_COMPILER_APPICON_NAME = AppIcon;
				CODE_SIGN_STYLE = Automatic;
				DEVELOPMENT_TEAM = ZEKMNK5YD3;
				INFOPLIST_FILE = CoreLocationDemo/Info.plist;
				LD_RUNPATH_SEARCH_PATHS = (
					"$(inherited)",
					"@executable_path/Frameworks",
				);
				PRODUCT_BUNDLE_IDENTIFIER = com.alexcpaul.CoreLocationDemo;
				PRODUCT_NAME = "$(TARGET_NAME)";
				SWIFT_VERSION = 5.0;
				TARGETED_DEVICE_FAMILY = "1,2";
			};
			name = Release;
		};
/* End XCBuildConfiguration section */

/* Begin XCConfigurationList section */
		57BAEAAA24003055001AD424 /* Build configuration list for PBXProject "CoreLocationDemo" */ = {
			isa = XCConfigurationList;
			buildConfigurations = (
				57BAEAC124003056001AD424 /* Debug */,
				57BAEAC224003056001AD424 /* Release */,
			);
			defaultConfigurationIsVisible = 0;
			defaultConfigurationName = Release;
		};
		57BAEAC324003056001AD424 /* Build configuration list for PBXNativeTarget "CoreLocationDemo" */ = {
			isa = XCConfigurationList;
			buildConfigurations = (
				57BAEAC424003056001AD424 /* Debug */,
				57BAEAC524003056001AD424 /* Release */,
			);
			defaultConfigurationIsVisible = 0;
			defaultConfigurationName = Release;
		};
/* End XCConfigurationList section */
	};
	rootObject = 57BAEAA724003055001AD424 /* Project object */;
}
